
Microsoft Visual Studio Solution File, Format Version 12.00
# Visual Studio Version 16
VisualStudioVersion = 16.0.30204.135
MinimumVisualStudioVersion = 10.0.40219.1
Project("{FAE04EC0-301F-11D3-BF4B-00C04F79EFBC}") = "MethodExercise", "MethodExercise\MethodExercise.csproj", "{11B96E12-9B5B-4067-B7A4-A22C3CAED834}"
EndProject
Global
	GlobalSection(SolutionConfigurationPlatforms) = preSolution
		Debug|Any CPU = Debug|Any CPU
		Release|Any CPU = Release|Any CPU
	EndGlobalSection
	GlobalSection(ProjectConfigurationPlatforms) = postSolution
		{11B96E12-9B5B-4067-B7A4-A22C3CAED834}.Debug|Any CPU.ActiveCfg = Debug|Any CPU
		{11B96E12-9B5B-4067-B7A4-A22C3CAED834}.Debug|Any CPU.Build.0 = Debug|Any CPU
		{11B96E12-9B5B-4067-B7A4-A22C3CAED834}.Release|Any CPU.ActiveCfg = Release|Any CPU
		{11B96E12-9B5B-4067-B7A4-A22C3CAED834}.Release|Any CPU.Build.0 = Release|Any CPU
	EndGlobalSection
	GlobalSection(SolutionProperties) = preSolution
		HideSolutionNode = FALSE
	EndGlobalSection
	GlobalSection(ExtensibilityGlobals) = postSolution
		SolutionGuid = {A52282BA-C100-422E-82CD-BAAE436A64B9}
	EndGlobalSection
EndGlobal
